// !$*UTF8*$!
{
	archiveVersion = 1;
	classes = {
	};
	objectVersion = 46;
	objects = {

/* Begin PBXBuildFile section */
		2A3C50B4CB65EB2DAA1ADACF /* Pods_TouchIDDemo.framework in Frameworks */ = {isa = PBXBuildFile; fileRef = 1D806082053884D23083C1A7 /* Pods_TouchIDDemo.framework */; };
		2B3EE3041D741DB300BC230B /* main.m in Sources */ = {isa = PBXBuildFile; fileRef = 2B3EE3031D741DB300BC230B /* main.m */; };
		2B3EE3071D741DB300BC230B /* AppDelegate.m in Sources */ = {isa = PBXBuildFile; fileRef = 2B3EE3061D741DB300BC230B /* AppDelegate.m */; };
		2B3EE30D1D741DB300BC230B /* Main.storyboard in Resources */ = {isa = PBXBuildFile; fileRef = 2B3EE30B1D741DB300BC230B /* Main.storyboard */; };
		2B3EE30F1D741DB300BC230B /* Assets.xcassets in Resources */ = {isa = PBXBuildFile; fileRef = 2B3EE30E1D741DB300BC230B /* Assets.xcassets */; };
		2B3EE3121D741DB300BC230B /* LaunchScreen.storyboard in Resources */ = {isa = PBXBuildFile; fileRef = 2B3EE3101D741DB300BC230B /* LaunchScreen.storyboard */; };
		2B3EE31D1D741DB300BC230B /* TouchIDDemoTests.m in Sources */ = {isa = PBXBuildFile; fileRef = 2B3EE31C1D741DB300BC230B /* TouchIDDemoTests.m */; };
		2B3EE3281D741DB300BC230B /* TouchIDDemoUITests.m in Sources */ = {isa = PBXBuildFile; fileRef = 2B3EE3271D741DB300BC230B /* TouchIDDemoUITests.m */; };
		AD11240A200F061A00E40625 /* BaseViewController.m in Sources */ = {isa = PBXBuildFile; fileRef = AD112409200F061A00E40625 /* BaseViewController.m */; };
		AD11240D200F077100E40625 /* BaseTabBarController.m in Sources */ = {isa = PBXBuildFile; fileRef = AD11240C200F077100E40625 /* BaseTabBarController.m */; };
		AD112410200F07A300E40625 /* BaseNavigationController.m in Sources */ = {isa = PBXBuildFile; fileRef = AD11240F200F07A300E40625 /* BaseNavigationController.m */; };
		AD112418200F093D00E40625 /* FingerprintLanding.m in Sources */ = {isa = PBXBuildFile; fileRef = AD112417200F093D00E40625 /* FingerprintLanding.m */; };
		AD11241A200F0A2500E40625 /* Center.m in Sources */ = {isa = PBXBuildFile; fileRef = AD112419200F0A2500E40625 /* Center.m */; };
		AD112AB7200F3293008DA711 /* HomeController.m in Sources */ = {isa = PBXBuildFile; fileRef = AD112AB6200F3293008DA711 /* HomeController.m */; };
		AD112ABA200F329F008DA711 /* MeController.m in Sources */ = {isa = PBXBuildFile; fileRef = AD112AB9200F329F008DA711 /* MeController.m */; };
		AD112AC1200F4431008DA711 /* LoginController.m in Sources */ = {isa = PBXBuildFile; fileRef = AD112AC0200F4431008DA711 /* LoginController.m */; };
		AD4F0395201078B1009A0992 /* LoginModel.m in Sources */ = {isa = PBXBuildFile; fileRef = AD4F0394201078B1009A0992 /* LoginModel.m */; };
		AD4F039820109882009A0992 /* RegisteredController.m in Sources */ = {isa = PBXBuildFile; fileRef = AD4F039720109882009A0992 /* RegisteredController.m */; };
		ADB652B0200F67E8009BC3BA /* MaskView.m in Sources */ = {isa = PBXBuildFile; fileRef = ADB652AF200F67E8009BC3BA /* MaskView.m */; };
		ADB652B320101D2D009BC3BA /* GYBankCardFormatTextField.m in Sources */ = {isa = PBXBuildFile; fileRef = ADB652B220101D2D009BC3BA /* GYBankCardFormatTextField.m */; };
		ADB652B720101DAA009BC3BA /* Ammount.m in Sources */ = {isa = PBXBuildFile; fileRef = ADB652B620101DAA009BC3BA /* Ammount.m */; };
		ADB652BA20101DED009BC3BA /* Scale.m in Sources */ = {isa = PBXBuildFile; fileRef = ADB652B820101DEC009BC3BA /* Scale.m */; };
		ADB652BD20101DFD009BC3BA /* OpenCountDown.m in Sources */ = {isa = PBXBuildFile; fileRef = ADB652BB20101DFC009BC3BA /* OpenCountDown.m */; };
		ADB652C020101E1F009BC3BA /* characterLengthLimit.m in Sources */ = {isa = PBXBuildFile; fileRef = ADB652BE20101E1F009BC3BA /* characterLengthLimit.m */; };
		ADB652C320101E44009BC3BA /* WHC_ModelSqlite.m in Sources */ = {isa = PBXBuildFile; fileRef = ADB652C120101E44009BC3BA /* WHC_ModelSqlite.m */; };
		ADB652C620101E4C009BC3BA /* NSObject+WHC_Model.m in Sources */ = {isa = PBXBuildFile; fileRef = ADB652C520101E4C009BC3BA /* NSObject+WHC_Model.m */; };
		ADB652C920102445009BC3BA /* LoginView.m in Sources */ = {isa = PBXBuildFile; fileRef = ADB652C820102445009BC3BA /* LoginView.m */; };
		ADB652CB2010245A009BC3BA /* LoginView.xib in Resources */ = {isa = PBXBuildFile; fileRef = ADB652CA2010245A009BC3BA /* LoginView.xib */; };
		ADB652CE20102620009BC3BA /* UIImage+GIFImage.m in Sources */ = {isa = PBXBuildFile; fileRef = ADB652CD20102620009BC3BA /* UIImage+GIFImage.m */; };
		ADB652D12010262E009BC3BA /* loading.gif in Resources */ = {isa = PBXBuildFile; fileRef = ADB652D02010262E009BC3BA /* loading.gif */; };
		ADB652D320102ADA009BC3BA /* loading2.gif in Resources */ = {isa = PBXBuildFile; fileRef = ADB652D220102ADA009BC3BA /* loading2.gif */; };
/* End PBXBuildFile section */

/* Begin PBXContainerItemProxy section */
		2B3EE3191D741DB300BC230B /* PBXContainerItemProxy */ = {
			isa = PBXContainerItemProxy;
			containerPortal = 2B3EE2F71D741DB300BC230B /* Project object */;
			proxyType = 1;
			remoteGlobalIDString = 2B3EE2FE1D741DB300BC230B;
			remoteInfo = TouchIDDemo;
		};
		2B3EE3241D741DB300BC230B /* PBXContainerItemProxy */ = {
			isa = PBXContainerItemProxy;
			containerPortal = 2B3EE2F71D741DB300BC230B /* Project object */;
			proxyType = 1;
			remoteGlobalIDString = 2B3EE2FE1D741DB300BC230B;
			remoteInfo = TouchIDDemo;
		};
/* End PBXContainerItemProxy section */

/* Begin PBXFileReference section */
		1D806082053884D23083C1A7 /* Pods_TouchIDDemo.framework */ = {isa = PBXFileReference; explicitFileType = wrapper.framework; includeInIndex = 0; path = Pods_TouchIDDemo.framework; sourceTree = BUILT_PRODUCTS_DIR; };
		2B3EE2FF1D741DB300BC230B /* TouchIDDemo.app */ = {isa = PBXFileReference; explicitFileType = wrapper.application; includeInIndex = 0; path = TouchIDDemo.app; sourceTree = BUILT_PRODUCTS_DIR; };
		2B3EE3031D741DB300BC230B /* main.m */ = {isa = PBXFileReference; lastKnownFileType = sourcecode.c.objc; path = main.m; sourceTree = "<group>"; };
		2B3EE3051D741DB300BC230B /* AppDelegate.h */ = {isa = PBXFileReference; lastKnownFileType = sourcecode.c.h; path = AppDelegate.h; sourceTree = "<group>"; };
		2B3EE3061D741DB300BC230B /* AppDelegate.m */ = {isa = PBXFileReference; lastKnownFileType = sourcecode.c.objc; path = AppDelegate.m; sourceTree = "<group>"; };
		2B3EE30C1D741DB300BC230B /* Base */ = {isa = PBXFileReference; lastKnownFileType = file.storyboard; name = Base; path = Base.lproj/Main.storyboard; sourceTree = "<group>"; };
		2B3EE30E1D741DB300BC230B /* Assets.xcassets */ = {isa = PBXFileReference; lastKnownFileType = folder.assetcatalog; path = Assets.xcassets; sourceTree = "<group>"; };
		2B3EE3111D741DB300BC230B /* Base */ = {isa = PBXFileReference; lastKnownFileType = file.storyboard; name = Base; path = Base.lproj/LaunchScreen.storyboard; sourceTree = "<group>"; };
		2B3EE3131D741DB300BC230B /* Info.plist */ = {isa = PBXFileReference; lastKnownFileType = text.plist.xml; path = Info.plist; sourceTree = "<group>"; };
		2B3EE3181D741DB300BC230B /* TouchIDDemoTests.xctest */ = {isa = PBXFileReference; explicitFileType = wrapper.cfbundle; includeInIndex = 0; path = TouchIDDemoTests.xctest; sourceTree = BUILT_PRODUCTS_DIR; };
		2B3EE31C1D741DB300BC230B /* TouchIDDemoTests.m */ = {isa = PBXFileReference; lastKnownFileType = sourcecode.c.objc; path = TouchIDDemoTests.m; sourceTree = "<group>"; };
		2B3EE31E1D741DB300BC230B /* Info.plist */ = {isa = PBXFileReference; lastKnownFileType = text.plist.xml; path = Info.plist; sourceTree = "<group>"; };
		2B3EE3231D741DB300BC230B /* TouchIDDemoUITests.xctest */ = {isa = PBXFileReference; explicitFileType = wrapper.cfbundle; includeInIndex = 0; path = TouchIDDemoUITests.xctest; sourceTree = BUILT_PRODUCTS_DIR; };
		2B3EE3271D741DB300BC230B /* TouchIDDemoUITests.m */ = {isa = PBXFileReference; lastKnownFileType = sourcecode.c.objc; path = TouchIDDemoUITests.m; sourceTree = "<group>"; };
		2B3EE3291D741DB300BC230B /* Info.plist */ = {isa = PBXFileReference; lastKnownFileType = text.plist.xml; path = Info.plist; sourceTree = "<group>"; };
		5C3E92FF9D4B46E5419938EF /* Pods-TouchIDDemo.debug.xcconfig */ = {isa = PBXFileReference; includeInIndex = 1; lastKnownFileType = text.xcconfig; name = "Pods-TouchIDDemo.debug.xcconfig"; path = "Pods/Target Support Files/Pods-TouchIDDemo/Pods-TouchIDDemo.debug.xcconfig"; sourceTree = "<group>"; };
		AD112408200F061A00E40625 /* BaseViewController.h */ = {isa = PBXFileReference; lastKnownFileType = sourcecode.c.h; path = BaseViewController.h; sourceTree = "<group>"; };
		AD112409200F061A00E40625 /* BaseViewController.m */ = {isa = PBXFileReference; lastKnownFileType = sourcecode.c.objc; path = BaseViewController.m; sourceTree = "<group>"; };
		AD11240B200F077100E40625 /* BaseTabBarController.h */ = {isa = PBXFileReference; lastKnownFileType = sourcecode.c.h; path = BaseTabBarController.h; sourceTree = "<group>"; };
		AD11240C200F077100E40625 /* BaseTabBarController.m */ = {isa = PBXFileReference; lastKnownFileType = sourcecode.c.objc; path = BaseTabBarController.m; sourceTree = "<group>"; };
		AD11240E200F07A300E40625 /* BaseNavigationController.h */ = {isa = PBXFileReference; lastKnownFileType = sourcecode.c.h; path = BaseNavigationController.h; sourceTree = "<group>"; };
		AD11240F200F07A300E40625 /* BaseNavigationController.m */ = {isa = PBXFileReference; lastKnownFileType = sourcecode.c.objc; path = BaseNavigationController.m; sourceTree = "<group>"; };
		AD112416200F093D00E40625 /* FingerprintLanding.h */ = {isa = PBXFileReference; fileEncoding = 4; lastKnownFileType = sourcecode.c.h; path = FingerprintLanding.h; sourceTree = "<group>"; };
		AD112417200F093D00E40625 /* FingerprintLanding.m */ = {isa = PBXFileReference; fileEncoding = 4; lastKnownFileType = sourcecode.c.objc; path = FingerprintLanding.m; sourceTree = "<group>"; };
		AD112419200F0A2500E40625 /* Center.m */ = {isa = PBXFileReference; fileEncoding = 4; lastKnownFileType = sourcecode.c.objc; path = Center.m; sourceTree = "<group>"; };
		AD11241B200F0A2A00E40625 /* Center.h */ = {isa = PBXFileReference; lastKnownFileType = sourcecode.c.h; path = Center.h; sourceTree = "<group>"; };
		AD112AB5200F3293008DA711 /* HomeController.h */ = {isa = PBXFileReference; lastKnownFileType = sourcecode.c.h; path = HomeController.h; sourceTree = "<group>"; };
		AD112AB6200F3293008DA711 /* HomeController.m */ = {isa = PBXFileReference; lastKnownFileType = sourcecode.c.objc; path = HomeController.m; sourceTree = "<group>"; };
		AD112AB8200F329F008DA711 /* MeController.h */ = {isa = PBXFileReference; lastKnownFileType = sourcecode.c.h; path = MeController.h; sourceTree = "<group>"; };
		AD112AB9200F329F008DA711 /* MeController.m */ = {isa = PBXFileReference; lastKnownFileType = sourcecode.c.objc; path = MeController.m; sourceTree = "<group>"; };
		AD112ABF200F4430008DA711 /* LoginController.h */ = {isa = PBXFileReference; lastKnownFileType = sourcecode.c.h; path = LoginController.h; sourceTree = "<group>"; };
		AD112AC0200F4431008DA711 /* LoginController.m */ = {isa = PBXFileReference; lastKnownFileType = sourcecode.c.objc; path = LoginController.m; sourceTree = "<group>"; };
		AD4F0393201078B1009A0992 /* LoginModel.h */ = {isa = PBXFileReference; lastKnownFileType = sourcecode.c.h; path = LoginModel.h; sourceTree = "<group>"; };
		AD4F0394201078B1009A0992 /* LoginModel.m */ = {isa = PBXFileReference; lastKnownFileType = sourcecode.c.objc; path = LoginModel.m; sourceTree = "<group>"; };
		AD4F039620109882009A0992 /* RegisteredController.h */ = {isa = PBXFileReference; lastKnownFileType = sourcecode.c.h; path = RegisteredController.h; sourceTree = "<group>"; };
		AD4F039720109882009A0992 /* RegisteredController.m */ = {isa = PBXFileReference; lastKnownFileType = sourcecode.c.objc; path = RegisteredController.m; sourceTree = "<group>"; };
		ADB652AC200F49B4009BC3BA /* Prefix.pch */ = {isa = PBXFileReference; lastKnownFileType = sourcecode.c.h; path = Prefix.pch; sourceTree = "<group>"; };
		ADB652AE200F67E8009BC3BA /* MaskView.h */ = {isa = PBXFileReference; lastKnownFileType = sourcecode.c.h; path = MaskView.h; sourceTree = "<group>"; };
		ADB652AF200F67E8009BC3BA /* MaskView.m */ = {isa = PBXFileReference; lastKnownFileType = sourcecode.c.objc; path = MaskView.m; sourceTree = "<group>"; };
		ADB652B220101D2D009BC3BA /* GYBankCardFormatTextField.m */ = {isa = PBXFileReference; fileEncoding = 4; lastKnownFileType = sourcecode.c.objc; path = GYBankCardFormatTextField.m; sourceTree = "<group>"; };
		ADB652B420101D33009BC3BA /* GYBankCardFormatTextField.h */ = {isa = PBXFileReference; lastKnownFileType = sourcecode.c.h; path = GYBankCardFormatTextField.h; sourceTree = "<group>"; };
		ADB652B520101DA9009BC3BA /* Ammount.h */ = {isa = PBXFileReference; fileEncoding = 4; lastKnownFileType = sourcecode.c.h; path = Ammount.h; sourceTree = "<group>"; };
		ADB652B620101DAA009BC3BA /* Ammount.m */ = {isa = PBXFileReference; fileEncoding = 4; lastKnownFileType = sourcecode.c.objc; path = Ammount.m; sourceTree = "<group>"; };
		ADB652B820101DEC009BC3BA /* Scale.m */ = {isa = PBXFileReference; fileEncoding = 4; lastKnownFileType = sourcecode.c.objc; path = Scale.m; sourceTree = "<group>"; };
		ADB652B920101DED009BC3BA /* Scale.h */ = {isa = PBXFileReference; fileEncoding = 4; lastKnownFileType = sourcecode.c.h; path = Scale.h; sourceTree = "<group>"; };
		ADB652BB20101DFC009BC3BA /* OpenCountDown.m */ = {isa = PBXFileReference; fileEncoding = 4; lastKnownFileType = sourcecode.c.objc; path = OpenCountDown.m; sourceTree = "<group>"; };
		ADB652BC20101DFD009BC3BA /* OpenCountDown.h */ = {isa = PBXFileReference; fileEncoding = 4; lastKnownFileType = sourcecode.c.h; path = OpenCountDown.h; sourceTree = "<group>"; };
		ADB652BE20101E1F009BC3BA /* characterLengthLimit.m */ = {isa = PBXFileReference; fileEncoding = 4; lastKnownFileType = sourcecode.c.objc; path = characterLengthLimit.m; sourceTree = "<group>"; };
		ADB652BF20101E1F009BC3BA /* characterLengthLimit.h */ = {isa = PBXFileReference; fileEncoding = 4; lastKnownFileType = sourcecode.c.h; path = characterLengthLimit.h; sourceTree = "<group>"; };
		ADB652C120101E44009BC3BA /* WHC_ModelSqlite.m */ = {isa = PBXFileReference; fileEncoding = 4; lastKnownFileType = sourcecode.c.objc; path = WHC_ModelSqlite.m; sourceTree = "<group>"; };
		ADB652C220101E44009BC3BA /* WHC_ModelSqlite.h */ = {isa = PBXFileReference; fileEncoding = 4; lastKnownFileType = sourcecode.c.h; path = WHC_ModelSqlite.h; sourceTree = "<group>"; };
		ADB652C420101E4C009BC3BA /* NSObject+WHC_Model.h */ = {isa = PBXFileReference; fileEncoding = 4; lastKnownFileType = sourcecode.c.h; path = "NSObject+WHC_Model.h"; sourceTree = "<group>"; };
		ADB652C520101E4C009BC3BA /* NSObject+WHC_Model.m */ = {isa = PBXFileReference; fileEncoding = 4; lastKnownFileType = sourcecode.c.objc; path = "NSObject+WHC_Model.m"; sourceTree = "<group>"; };
		ADB652C720102445009BC3BA /* LoginView.h */ = {isa = PBXFileReference; lastKnownFileType = sourcecode.c.h; path = LoginView.h; sourceTree = "<group>"; };
		ADB652C820102445009BC3BA /* LoginView.m */ = {isa = PBXFileReference; lastKnownFileType = sourcecode.c.objc; path = LoginView.m; sourceTree = "<group>"; };
		ADB652CA2010245A009BC3BA /* LoginView.xib */ = {isa = PBXFileReference; lastKnownFileType = file.xib; path = LoginView.xib; sourceTree = "<group>"; };
		ADB652CC20102618009BC3BA /* UIImage+GIFImage.h */ = {isa = PBXFileReference; lastKnownFileType = sourcecode.c.h; path = "UIImage+GIFImage.h"; sourceTree = "<group>"; };
		ADB652CD20102620009BC3BA /* UIImage+GIFImage.m */ = {isa = PBXFileReference; fileEncoding = 4; lastKnownFileType = sourcecode.c.objc; path = "UIImage+GIFImage.m"; sourceTree = "<group>"; };
		ADB652CF20102625009BC3BA /* SVProgressHUD_Extension.h */ = {isa = PBXFileReference; lastKnownFileType = sourcecode.c.h; path = SVProgressHUD_Extension.h; sourceTree = "<group>"; };
		ADB652D02010262E009BC3BA /* loading.gif */ = {isa = PBXFileReference; lastKnownFileType = image.gif; path = loading.gif; sourceTree = "<group>"; };
		ADB652D220102ADA009BC3BA /* loading2.gif */ = {isa = PBXFileReference; lastKnownFileType = image.gif; path = loading2.gif; sourceTree = "<group>"; };
		F80F843523A57EE79D95DFCA /* Pods-TouchIDDemo.release.xcconfig */ = {isa = PBXFileReference; includeInIndex = 1; lastKnownFileType = text.xcconfig; name = "Pods-TouchIDDemo.release.xcconfig"; path = "Pods/Target Support Files/Pods-TouchIDDemo/Pods-TouchIDDemo.release.xcconfig"; sourceTree = "<group>"; };
/* End PBXFileReference section */

/* Begin PBXFrameworksBuildPhase section */
		2B3EE2FC1D741DB300BC230B /* Frameworks */ = {
			isa = PBXFrameworksBuildPhase;
			buildActionMask = 2147483647;
			files = (
				2A3C50B4CB65EB2DAA1ADACF /* Pods_TouchIDDemo.framework in Frameworks */,
			);
			runOnlyForDeploymentPostprocessing = 0;
		};
		2B3EE3151D741DB300BC230B /* Frameworks */ = {
			isa = PBXFrameworksBuildPhase;
			buildActionMask = 2147483647;
			files = (
			);
			runOnlyForDeploymentPostprocessing = 0;
		};
		2B3EE3201D741DB300BC230B /* Frameworks */ = {
			isa = PBXFrameworksBuildPhase;
			buildActionMask = 2147483647;
			files = (
			);
			runOnlyForDeploymentPostprocessing = 0;
		};
/* End PBXFrameworksBuildPhase section */

/* Begin PBXGroup section */
		2B3EE2F61D741DB300BC230B = {
			isa = PBXGroup;
			children = (
				2B3EE3011D741DB300BC230B /* TouchIDDemo */,
				2B3EE31B1D741DB300BC230B /* TouchIDDemoTests */,
				2B3EE3261D741DB300BC230B /* TouchIDDemoUITests */,
				2B3EE3001D741DB300BC230B /* Products */,
				8B6D5CD37267020848072C41 /* Pods */,
				3C0D70A8FEF1B916A1F7251D /* Frameworks */,
			);
			sourceTree = "<group>";
		};
		2B3EE3001D741DB300BC230B /* Products */ = {
			isa = PBXGroup;
			children = (
				2B3EE2FF1D741DB300BC230B /* TouchIDDemo.app */,
				2B3EE3181D741DB300BC230B /* TouchIDDemoTests.xctest */,
				2B3EE3231D741DB300BC230B /* TouchIDDemoUITests.xctest */,
			);
			name = Products;
			sourceTree = "<group>";
		};
		2B3EE3011D741DB300BC230B /* TouchIDDemo */ = {
			isa = PBXGroup;
			children = (
				2B3EE3051D741DB300BC230B /* AppDelegate.h */,
				2B3EE3061D741DB300BC230B /* AppDelegate.m */,
				AD112ABB200F42CB008DA711 /* Controller */,
				AD4F039220107896009A0992 /* Model */,
				ADB652AD200F67B6009BC3BA /* View */,
				AD112412200F083700E40625 /* Tool */,
				AD112411200F07B500E40625 /* Base */,
				2B3EE30E1D741DB300BC230B /* Assets.xcassets */,
				2B3EE30B1D741DB300BC230B /* Main.storyboard */,
				2B3EE3101D741DB300BC230B /* LaunchScreen.storyboard */,
				ADB652AC200F49B4009BC3BA /* Prefix.pch */,
				2B3EE3131D741DB300BC230B /* Info.plist */,
				2B3EE3021D741DB300BC230B /* Supporting Files */,
			);
			path = TouchIDDemo;
			sourceTree = "<group>";
		};
		2B3EE3021D741DB300BC230B /* Supporting Files */ = {
			isa = PBXGroup;
			children = (
				2B3EE3031D741DB300BC230B /* main.m */,
			);
			name = "Supporting Files";
			sourceTree = "<group>";
		};
		2B3EE31B1D741DB300BC230B /* TouchIDDemoTests */ = {
			isa = PBXGroup;
			children = (
				2B3EE31C1D741DB300BC230B /* TouchIDDemoTests.m */,
				2B3EE31E1D741DB300BC230B /* Info.plist */,
			);
			path = TouchIDDemoTests;
			sourceTree = "<group>";
		};
		2B3EE3261D741DB300BC230B /* TouchIDDemoUITests */ = {
			isa = PBXGroup;
			children = (
				2B3EE3271D741DB300BC230B /* TouchIDDemoUITests.m */,
				2B3EE3291D741DB300BC230B /* Info.plist */,
			);
			path = TouchIDDemoUITests;
			sourceTree = "<group>";
		};
		3C0D70A8FEF1B916A1F7251D /* Frameworks */ = {
			isa = PBXGroup;
			children = (
				1D806082053884D23083C1A7 /* Pods_TouchIDDemo.framework */,
			);
			name = Frameworks;
			sourceTree = "<group>";
		};
		8B6D5CD37267020848072C41 /* Pods */ = {
			isa = PBXGroup;
			children = (
				5C3E92FF9D4B46E5419938EF /* Pods-TouchIDDemo.debug.xcconfig */,
				F80F843523A57EE79D95DFCA /* Pods-TouchIDDemo.release.xcconfig */,
			);
			name = Pods;
			sourceTree = "<group>";
		};
		AD112411200F07B500E40625 /* Base */ = {
			isa = PBXGroup;
			children = (
				AD11240B200F077100E40625 /* BaseTabBarController.h */,
				AD11240C200F077100E40625 /* BaseTabBarController.m */,
				AD11240E200F07A300E40625 /* BaseNavigationController.h */,
				AD11240F200F07A300E40625 /* BaseNavigationController.m */,
				AD112408200F061A00E40625 /* BaseViewController.h */,
				AD112409200F061A00E40625 /* BaseViewController.m */,
			);
			name = Base;
			sourceTree = "<group>";
		};
		AD112412200F083700E40625 /* Tool */ = {
			isa = PBXGroup;
			children = (
				ADB652D02010262E009BC3BA /* loading.gif */,
				ADB652D220102ADA009BC3BA /* loading2.gif */,
				ADB652CC20102618009BC3BA /* UIImage+GIFImage.h */,
				ADB652CD20102620009BC3BA /* UIImage+GIFImage.m */,
				ADB652CF20102625009BC3BA /* SVProgressHUD_Extension.h */,
				ADB652B920101DED009BC3BA /* Scale.h */,
				ADB652B820101DEC009BC3BA /* Scale.m */,
				AD11241B200F0A2A00E40625 /* Center.h */,
				AD112419200F0A2500E40625 /* Center.m */,
				ADB652B520101DA9009BC3BA /* Ammount.h */,
				ADB652B620101DAA009BC3BA /* Ammount.m */,
				ADB652BC20101DFD009BC3BA /* OpenCountDown.h */,
				ADB652BB20101DFC009BC3BA /* OpenCountDown.m */,
				AD112416200F093D00E40625 /* FingerprintLanding.h */,
				AD112417200F093D00E40625 /* FingerprintLanding.m */,
				ADB652B420101D33009BC3BA /* GYBankCardFormatTextField.h */,
				ADB652B220101D2D009BC3BA /* GYBankCardFormatTextField.m */,
				ADB652BF20101E1F009BC3BA /* characterLengthLimit.h */,
				ADB652BE20101E1F009BC3BA /* characterLengthLimit.m */,
				ADB652C220101E44009BC3BA /* WHC_ModelSqlite.h */,
				ADB652C120101E44009BC3BA /* WHC_ModelSqlite.m */,
				ADB652C420101E4C009BC3BA /* NSObject+WHC_Model.h */,
				ADB652C520101E4C009BC3BA /* NSObject+WHC_Model.m */,
			);
			name = Tool;
			sourceTree = "<group>";
		};
		AD112ABB200F42CB008DA711 /* Controller */ = {
			isa = PBXGroup;
			children = (
				AD112ABF200F4430008DA711 /* LoginController.h */,
				AD112AC0200F4431008DA711 /* LoginController.m */,
				AD4F039620109882009A0992 /* RegisteredController.h */,
				AD4F039720109882009A0992 /* RegisteredController.m */,
				AD112AB5200F3293008DA711 /* HomeController.h */,
				AD112AB6200F3293008DA711 /* HomeController.m */,
				AD112AB8200F329F008DA711 /* MeController.h */,
				AD112AB9200F329F008DA711 /* MeController.m */,
			);
			name = Controller;
			sourceTree = "<group>";
		};
		AD4F039220107896009A0992 /* Model */ = {
			isa = PBXGroup;
			children = (
				AD4F0393201078B1009A0992 /* LoginModel.h */,
				AD4F0394201078B1009A0992 /* LoginModel.m */,
			);
			path = Model;
			sourceTree = "<group>";
		};
		ADB652AD200F67B6009BC3BA /* View */ = {
			isa = PBXGroup;
			children = (
				ADB652AE200F67E8009BC3BA /* MaskView.h */,
				ADB652AF200F67E8009BC3BA /* MaskView.m */,
				ADB652C720102445009BC3BA /* LoginView.h */,
				ADB652C820102445009BC3BA /* LoginView.m */,
				ADB652CA2010245A009BC3BA /* LoginView.xib */,
			);
			path = View;
			sourceTree = "<group>";
		};
/* End PBXGroup section */

/* Begin PBXNativeTarget section */
		2B3EE2FE1D741DB300BC230B /* TouchIDDemo */ = {
			isa = PBXNativeTarget;
			buildConfigurationList = 2B3EE32C1D741DB300BC230B /* Build configuration list for PBXNativeTarget "TouchIDDemo" */;
			buildPhases = (
				3526FC2205BC12B229B0DC69 /* [CP] Check Pods Manifest.lock */,
				2B3EE2FB1D741DB300BC230B /* Sources */,
				2B3EE2FC1D741DB300BC230B /* Frameworks */,
				2B3EE2FD1D741DB300BC230B /* Resources */,
				D593D9375929ECB5BC148DB0 /* [CP] Embed Pods Frameworks */,
				431C25F7C155E2711A840552 /* [CP] Copy Pods Resources */,
			);
			buildRules = (
			);
			dependencies = (
			);
			name = TouchIDDemo;
			productName = TouchIDDemo;
			productReference = 2B3EE2FF1D741DB300BC230B /* TouchIDDemo.app */;
			productType = "com.apple.product-type.application";
		};
		2B3EE3171D741DB300BC230B /* TouchIDDemoTests */ = {
			isa = PBXNativeTarget;
			buildConfigurationList = 2B3EE32F1D741DB300BC230B /* Build configuration list for PBXNativeTarget "TouchIDDemoTests" */;
			buildPhases = (
				2B3EE3141D741DB300BC230B /* Sources */,
				2B3EE3151D741DB300BC230B /* Frameworks */,
				2B3EE3161D741DB300BC230B /* Resources */,
			);
			buildRules = (
			);
			dependencies = (
				2B3EE31A1D741DB300BC230B /* PBXTargetDependency */,
			);
			name = TouchIDDemoTests;
			productName = TouchIDDemoTests;
			productReference = 2B3EE3181D741DB300BC230B /* TouchIDDemoTests.xctest */;
			productType = "com.apple.product-type.bundle.unit-test";
		};
		2B3EE3221D741DB300BC230B /* TouchIDDemoUITests */ = {
			isa = PBXNativeTarget;
			buildConfigurationList = 2B3EE3321D741DB300BC230B /* Build configuration list for PBXNativeTarget "TouchIDDemoUITests" */;
			buildPhases = (
				2B3EE31F1D741DB300BC230B /* Sources */,
				2B3EE3201D741DB300BC230B /* Frameworks */,
				2B3EE3211D741DB300BC230B /* Resources */,
			);
			buildRules = (
			);
			dependencies = (
				2B3EE3251D741DB300BC230B /* PBXTargetDependency */,
			);
			name = TouchIDDemoUITests;
			productName = TouchIDDemoUITests;
			productReference = 2B3EE3231D741DB300BC230B /* TouchIDDemoUITests.xctest */;
			productType = "com.apple.product-type.bundle.ui-testing";
		};
/* End PBXNativeTarget section */

/* Begin PBXProject section */
		2B3EE2F71D741DB300BC230B /* Project object */ = {
			isa = PBXProject;
			attributes = {
				LastUpgradeCheck = 0730;
				ORGANIZATIONNAME = Lee2Go;
				TargetAttributes = {
					2B3EE2FE1D741DB300BC230B = {
						CreatedOnToolsVersion = 7.3.1;
						DevelopmentTeam = YA6GHHHVR4;
					};
					2B3EE3171D741DB300BC230B = {
						CreatedOnToolsVersion = 7.3.1;
						TestTargetID = 2B3EE2FE1D741DB300BC230B;
					};
					2B3EE3221D741DB300BC230B = {
						CreatedOnToolsVersion = 7.3.1;
						TestTargetID = 2B3EE2FE1D741DB300BC230B;
					};
				};
			};
			buildConfigurationList = 2B3EE2FA1D741DB300BC230B /* Build configuration list for PBXProject "TouchIDDemo" */;
			compatibilityVersion = "Xcode 3.2";
			developmentRegion = English;
			hasScannedForEncodings = 0;
			knownRegions = (
				en,
				Base,
			);
			mainGroup = 2B3EE2F61D741DB300BC230B;
			productRefGroup = 2B3EE3001D741DB300BC230B /* Products */;
			projectDirPath = "";
			projectRoot = "";
			targets = (
				2B3EE2FE1D741DB300BC230B /* TouchIDDemo */,
				2B3EE3171D741DB300BC230B /* TouchIDDemoTests */,
				2B3EE3221D741DB300BC230B /* TouchIDDemoUITests */,
			);
		};
/* End PBXProject section */

/* Begin PBXResourcesBuildPhase section */
		2B3EE2FD1D741DB300BC230B /* Resources */ = {
			isa = PBXResourcesBuildPhase;
			buildActionMask = 2147483647;
			files = (
				2B3EE3121D741DB300BC230B /* LaunchScreen.storyboard in Resources */,
				2B3EE30F1D741DB300BC230B /* Assets.xcassets in Resources */,
				ADB652D12010262E009BC3BA /* loading.gif in Resources */,
				ADB652CB2010245A009BC3BA /* LoginView.xib in Resources */,
				ADB652D320102ADA009BC3BA /* loading2.gif in Resources */,
				2B3EE30D1D741DB300BC230B /* Main.storyboard in Resources */,
			);
			runOnlyForDeploymentPostprocessing = 0;
		};
		2B3EE3161D741DB300BC230B /* Resources */ = {
			isa = PBXResourcesBuildPhase;
			buildActionMask = 2147483647;
			files = (
			);
			runOnlyForDeploymentPostprocessing = 0;
		};
		2B3EE3211D741DB300BC230B /* Resources */ = {
			isa = PBXResourcesBuildPhase;
			buildActionMask = 2147483647;
			files = (
			);
			runOnlyForDeploymentPostprocessing = 0;
		};
/* End PBXResourcesBuildPhase section */

/* Begin PBXShellScriptBuildPhase section */
		3526FC2205BC12B229B0DC69 /* [CP] Check Pods Manifest.lock */ = {
			isa = PBXShellScriptBuildPhase;
			buildActionMask = 2147483647;
			files = (
			);
			inputPaths = (
				"${PODS_PODFILE_DIR_PATH}/Podfile.lock",
				"${PODS_ROOT}/Manifest.lock",
			);
			name = "[CP] Check Pods Manifest.lock";
			outputPaths = (
				"$(DERIVED_FILE_DIR)/Pods-TouchIDDemo-checkManifestLockResult.txt",
			);
			runOnlyForDeploymentPostprocessing = 0;
			shellPath = /bin/sh;
			shellScript = "diff \"${PODS_PODFILE_DIR_PATH}/Podfile.lock\" \"${PODS_ROOT}/Manifest.lock\" > /dev/null\nif [ $? != 0 ] ; then\n    # print error to STDERR\n    echo \"error: The sandbox is not in sync with the Podfile.lock. Run 'pod install' or update your CocoaPods installation.\" >&2\n    exit 1\nfi\n# This output is used by Xcode 'outputs' to avoid re-running this script phase.\necho \"SUCCESS\" > \"${SCRIPT_OUTPUT_FILE_0}\"\n";
			showEnvVarsInLog = 0;
		};
		431C25F7C155E2711A840552 /* [CP] Copy Pods Resources */ = {
			isa = PBXShellScriptBuildPhase;
			buildActionMask = 2147483647;
			files = (
			);
			inputPaths = (
				"${SRCROOT}/Pods/Target Support Files/Pods-TouchIDDemo/Pods-TouchIDDemo-resources.sh",
				"${PODS_ROOT}/IQKeyboardManager/IQKeyboardManager/Resources/IQKeyboardManager.bundle",
				"${PODS_ROOT}/SVProgressHUD/SVProgressHUD/SVProgressHUD.bundle",
			);
			name = "[CP] Copy Pods Resources";
			outputPaths = (
				"${TARGET_BUILD_DIR}/${UNLOCALIZED_RESOURCES_FOLDER_PATH}",
			);
			runOnlyForDeploymentPostprocessing = 0;
			shellPath = /bin/sh;
			shellScript = "\"${SRCROOT}/Pods/Target Support Files/Pods-TouchIDDemo/Pods-TouchIDDemo-resources.sh\"\n";
			showEnvVarsInLog = 0;
		};
		D593D9375929ECB5BC148DB0 /* [CP] Embed Pods Frameworks */ = {
			isa = PBXShellScriptBuildPhase;
			buildActionMask = 2147483647;
			files = (
			);
			inputPaths = (
				"${SRCROOT}/Pods/Target Support Files/Pods-TouchIDDemo/Pods-TouchIDDemo-frameworks.sh",
				"${BUILT_PRODUCTS_DIR}/IQKeyboardManager/IQKeyboardManager.framework",
				"${BUILT_PRODUCTS_DIR}/Masonry/Masonry.framework",
				"${BUILT_PRODUCTS_DIR}/SVProgressHUD/SVProgressHUD.framework",
				"${BUILT_PRODUCTS_DIR}/Scale/Scale.framework",
				"${BUILT_PRODUCTS_DIR}/YYCache/YYCache.framework",
			);
			name = "[CP] Embed Pods Frameworks";
			outputPaths = (
				"${TARGET_BUILD_DIR}/${FRAMEWORKS_FOLDER_PATH}/IQKeyboardManager.framework",
				"${TARGET_BUILD_DIR}/${FRAMEWORKS_FOLDER_PATH}/Masonry.framework",
				"${TARGET_BUILD_DIR}/${FRAMEWORKS_FOLDER_PATH}/SVProgressHUD.framework",
				"${TARGET_BUILD_DIR}/${FRAMEWORKS_FOLDER_PATH}/Scale.framework",
				"${TARGET_BUILD_DIR}/${FRAMEWORKS_FOLDER_PATH}/YYCache.framework",
			);
			runOnlyForDeploymentPostprocessing = 0;
			shellPath = /bin/sh;
			shellScript = "\"${SRCROOT}/Pods/Target Support Files/Pods-TouchIDDemo/Pods-TouchIDDemo-frameworks.sh\"\n";
			showEnvVarsInLog = 0;
		};
/* End PBXShellScriptBuildPhase section */

/* Begin PBXSourcesBuildPhase section */
		2B3EE2FB1D741DB300BC230B /* Sources */ = {
			isa = PBXSourcesBuildPhase;
			buildActionMask = 2147483647;
			files = (
				AD11240D200F077100E40625 /* BaseTabBarController.m in Sources */,
				AD112AC1200F4431008DA711 /* LoginController.m in Sources */,
				ADB652C320101E44009BC3BA /* WHC_ModelSqlite.m in Sources */,
				ADB652B0200F67E8009BC3BA /* MaskView.m in Sources */,
				AD112410200F07A300E40625 /* BaseNavigationController.m in Sources */,
				AD112418200F093D00E40625 /* FingerprintLanding.m in Sources */,
				ADB652C620101E4C009BC3BA /* NSObject+WHC_Model.m in Sources */,
				ADB652B720101DAA009BC3BA /* Ammount.m in Sources */,
				AD11241A200F0A2500E40625 /* Center.m in Sources */,
				ADB652BD20101DFD009BC3BA /* OpenCountDown.m in Sources */,
				ADB652B320101D2D009BC3BA /* GYBankCardFormatTextField.m in Sources */,
				ADB652BA20101DED009BC3BA /* Scale.m in Sources */,
				AD112ABA200F329F008DA711 /* MeController.m in Sources */,
				AD4F039820109882009A0992 /* RegisteredController.m in Sources */,
				AD11240A200F061A00E40625 /* BaseViewController.m in Sources */,
				AD112AB7200F3293008DA711 /* HomeController.m in Sources */,
				ADB652C920102445009BC3BA /* LoginView.m in Sources */,
				2B3EE3071D741DB300BC230B /* AppDelegate.m in Sources */,
				2B3EE3041D741DB300BC230B /* main.m in Sources */,
				ADB652CE20102620009BC3BA /* UIImage+GIFImage.m in Sources */,
				ADB652C020101E1F009BC3BA /* characterLengthLimit.m in Sources */,
				AD4F0395201078B1009A0992 /* LoginModel.m in Sources */,
			);
			runOnlyForDeploymentPostprocessing = 0;
		};
		2B3EE3141D741DB300BC230B /* Sources */ = {
			isa = PBXSourcesBuildPhase;
			buildActionMask = 2147483647;
			files = (
				2B3EE31D1D741DB300BC230B /* TouchIDDemoTests.m in Sources */,
			);
			runOnlyForDeploymentPostprocessing = 0;
		};
		2B3EE31F1D741DB300BC230B /* Sources */ = {
			isa = PBXSourcesBuildPhase;
			buildActionMask = 2147483647;
			files = (
				2B3EE3281D741DB300BC230B /* TouchIDDemoUITests.m in Sources */,
			);
			runOnlyForDeploymentPostprocessing = 0;
		};
/* End PBXSourcesBuildPhase section */

/* Begin PBXTargetDependency section */
		2B3EE31A1D741DB300BC230B /* PBXTargetDependency */ = {
			isa = PBXTargetDependency;
			target = 2B3EE2FE1D741DB300BC230B /* TouchIDDemo */;
			targetProxy = 2B3EE3191D741DB300BC230B /* PBXContainerItemProxy */;
		};
		2B3EE3251D741DB300BC230B /* PBXTargetDependency */ = {
			isa = PBXTargetDependency;
			target = 2B3EE2FE1D741DB300BC230B /* TouchIDDemo */;
			targetProxy = 2B3EE3241D741DB300BC230B /* PBXContainerItemProxy */;
		};
/* End PBXTargetDependency section */

/* Begin PBXVariantGroup section */
		2B3EE30B1D741DB300BC230B /* Main.storyboard */ = {
			isa = PBXVariantGroup;
			children = (
				2B3EE30C1D741DB300BC230B /* Base */,
			);
			name = Main.storyboard;
			sourceTree = "<group>";
		};
		2B3EE3101D741DB300BC230B /* LaunchScreen.storyboard */ = {
			isa = PBXVariantGroup;
			children = (
				2B3EE3111D741DB300BC230B /* Base */,
			);
			name = LaunchScreen.storyboard;
			sourceTree = "<group>";
		};
/* End PBXVariantGroup section */

/* Begin XCBuildConfiguration section */
		2B3EE32A1D741DB300BC230B /* Debug */ = {
			isa = XCBuildConfiguration;
			buildSettings = {
				ALWAYS_SEARCH_USER_PATHS = NO;
				CLANG_ANALYZER_NONNULL = YES;
				CLANG_CXX_LANGUAGE_STANDARD = "gnu++0x";
				CLANG_CXX_LIBRARY = "libc++";
				CLANG_ENABLE_MODULES = YES;
				CLANG_ENABLE_OBJC_ARC = YES;
				CLANG_WARN_BOOL_CONVERSION = YES;
				CLANG_WARN_CONSTANT_CONVERSION = YES;
				CLANG_WARN_DIRECT_OBJC_ISA_USAGE = YES_ERROR;
				CLANG_WARN_EMPTY_BODY = YES;
				CLANG_WARN_ENUM_CONVERSION = YES;
				CLANG_WARN_INT_CONVERSION = YES;
				CLANG_WARN_OBJC_ROOT_CLASS = YES_ERROR;
				CLANG_WARN_UNREACHABLE_CODE = YES;
				CLANG_WARN__DUPLICATE_METHOD_MATCH = YES;
				"CODE_SIGN_IDENTITY[sdk=iphoneos*]" = "iPhone Developer";
				COPY_PHASE_STRIP = NO;
				DEBUG_INFORMATION_FORMAT = dwarf;
				ENABLE_STRICT_OBJC_MSGSEND = YES;
				ENABLE_TESTABILITY = YES;
				GCC_C_LANGUAGE_STANDARD = gnu99;
				GCC_DYNAMIC_NO_PIC = NO;
				GCC_NO_COMMON_BLOCKS = YES;
				GCC_OPTIMIZATION_LEVEL = 0;
				GCC_PREPROCESSOR_DEFINITIONS = (
					"DEBUG=1",
					"$(inherited)",
				);
				GCC_WARN_64_TO_32_BIT_CONVERSION = YES;
				GCC_WARN_ABOUT_RETURN_TYPE = YES_ERROR;
				GCC_WARN_UNDECLARED_SELECTOR = YES;
				GCC_WARN_UNINITIALIZED_AUTOS = YES_AGGRESSIVE;
				GCC_WARN_UNUSED_FUNCTION = YES;
				GCC_WARN_UNUSED_VARIABLE = YES;
				IPHONEOS_DEPLOYMENT_TARGET = 9.3;
				MTL_ENABLE_DEBUG_INFO = YES;
				ONLY_ACTIVE_ARCH = YES;
				SDKROOT = iphoneos;
				TARGETED_DEVICE_FAMILY = "1,2";
			};
			name = Debug;
		};
		2B3EE32B1D741DB300BC230B /* Release */ = {
			isa = XCBuildConfiguration;
			buildSettings = {
				ALWAYS_SEARCH_USER_PATHS = NO;
				CLANG_ANALYZER_NONNULL = YES;
				CLANG_CXX_LANGUAGE_STANDARD = "gnu++0x";
				CLANG_CXX_LIBRARY = "libc++";
				CLANG_ENABLE_MODULES = YES;
				CLANG_ENABLE_OBJC_ARC = YES;
				CLANG_WARN_BOOL_CONVERSION = YES;
				CLANG_WARN_CONSTANT_CONVERSION = YES;
				CLANG_WARN_DIRECT_OBJC_ISA_USAGE = YES_ERROR;
				CLANG_WARN_EMPTY_BODY = YES;
				CLANG_WARN_ENUM_CONVERSION = YES;
				CLANG_WARN_INT_CONVERSION = YES;
				CLANG_WARN_OBJC_ROOT_CLASS = YES_ERROR;
				CLANG_WARN_UNREACHABLE_CODE = YES;
				CLANG_WARN__DUPLICATE_METHOD_MATCH = YES;
				"CODE_SIGN_IDENTITY[sdk=iphoneos*]" = "iPhone Developer";
				COPY_PHASE_STRIP = NO;
				DEBUG_INFORMATION_FORMAT = "dwarf-with-dsym";
				ENABLE_NS_ASSERTIONS = NO;
				ENABLE_STRICT_OBJC_MSGSEND = YES;
				GCC_C_LANGUAGE_STANDARD = gnu99;
				GCC_NO_COMMON_BLOCKS = YES;
				GCC_WARN_64_TO_32_BIT_CONVERSION = YES;
				GCC_WARN_ABOUT_RETURN_TYPE = YES_ERROR;
				GCC_WARN_UNDECLARED_SELECTOR = YES;
				GCC_WARN_UNINITIALIZED_AUTOS = YES_AGGRESSIVE;
				GCC_WARN_UNUSED_FUNCTION = YES;
				GCC_WARN_UNUSED_VARIABLE = YES;
				IPHONEOS_DEPLOYMENT_TARGET = 9.3;
				MTL_ENABLE_DEBUG_INFO = NO;
				SDKROOT = iphoneos;
				TARGETED_DEVICE_FAMILY = "1,2";
				VALIDATE_PRODUCT = YES;
			};
			name = Release;
		};
		2B3EE32D1D741DB300BC230B /* Debug */ = {
			isa = XCBuildConfiguration;
			baseConfigurationReference = 5C3E92FF9D4B46E5419938EF /* Pods-TouchIDDemo.debug.xcconfig */;
			buildSettings = {
				ASSETCATALOG_COMPILER_APPICON_NAME = AppIcon;
				CODE_SIGN_IDENTITY = "iPhone Developer";
				DEVELOPMENT_TEAM = YA6GHHHVR4;
				GCC_PRECOMPILE_PREFIX_HEADER = YES;
				GCC_PREFIX_HEADER = TouchIDDemo/Prefix.pch;
				INFOPLIST_FILE = TouchIDDemo/Info.plist;
				LD_RUNPATH_SEARCH_PATHS = "$(inherited) @executable_path/Frameworks";
				PRODUCT_BUNDLE_IDENTIFIER = com.XinYu.XinTongBao1;
				PRODUCT_NAME = "$(TARGET_NAME)";
			};
			name = Debug;
		};
		2B3EE32E1D741DB300BC230B /* Release */ = {
			isa = XCBuildConfiguration;
			baseConfigurationReference = F80F843523A57EE79D95DFCA /* Pods-TouchIDDemo.release.xcconfig */;
			buildSettings = {
				ASSETCATALOG_COMPILER_APPICON_NAME = AppIcon;
				CODE_SIGN_IDENTITY = "iPhone Developer";
				DEVELOPMENT_TEAM = YA6GHHHVR4;
				GCC_PRECOMPILE_PREFIX_HEADER = YES;
				GCC_PREFIX_HEADER = TouchIDDemo/Prefix.pch;
				INFOPLIST_FILE = TouchIDDemo/Info.plist;
				LD_RUNPATH_SEARCH_PATHS = "$(inherited) @executable_path/Frameworks";
				PRODUCT_BUNDLE_IDENTIFIER = com.XinYu.XinTongBao1;
				PRODUCT_NAME = "$(TARGET_NAME)";
			};
			name = Release;
		};
		2B3EE3301D741DB300BC230B /* Debug */ = {
			isa = XCBuildConfiguration;
			buildSettings = {
				BUNDLE_LOADER = "$(TEST_HOST)";
				INFOPLIST_FILE = TouchIDDemoTests/Info.plist;
				LD_RUNPATH_SEARCH_PATHS = "$(inherited) @executable_path/Frameworks @loader_path/Frameworks";
				PRODUCT_BUNDLE_IDENTIFIER = com.tebuy.TouchIDDemoTests;
				PRODUCT_NAME = "$(TARGET_NAME)";
				TEST_HOST = "$(BUILT_PRODUCTS_DIR)/TouchIDDemo.app/TouchIDDemo";
			};
			name = Debug;
		};
		2B3EE3311D741DB300BC230B /* Release */ = {
			isa = XCBuildConfiguration;
			buildSettings = {
				BUNDLE_LOADER = "$(TEST_HOST)";
				INFOPLIST_FILE = TouchIDDemoTests/Info.plist;
				LD_RUNPATH_SEARCH_PATHS = "$(inherited) @executable_path/Frameworks @loader_path/Frameworks";
				PRODUCT_BUNDLE_IDENTIFIER = com.tebuy.TouchIDDemoTests;
				PRODUCT_NAME = "$(TARGET_NAME)";
				TEST_HOST = "$(BUILT_PRODUCTS_DIR)/TouchIDDemo.app/TouchIDDemo";
			};
			name = Release;
		};
		2B3EE3331D741DB300BC230B /* Debug */ = {
			isa = XCBuildConfiguration;
			buildSettings = {
				INFOPLIST_FILE = TouchIDDemoUITests/Info.plist;
				LD_RUNPATH_SEARCH_PATHS = "$(inherited) @executable_path/Frameworks @loader_path/Frameworks";
				PRODUCT_BUNDLE_IDENTIFIER = com.tebuy.TouchIDDemoUITests;
				PRODUCT_NAME = "$(TARGET_NAME)";
				TEST_TARGET_NAME = TouchIDDemo;
			};
			name = Debug;
		};
		2B3EE3341D741DB300BC230B /* Release */ = {
			isa = XCBuildConfiguration;
			buildSettings = {
				INFOPLIST_FILE = TouchIDDemoUITests/Info.plist;
				LD_RUNPATH_SEARCH_PATHS = "$(inherited) @executable_path/Frameworks @loader_path/Frameworks";
				PRODUCT_BUNDLE_IDENTIFIER = com.tebuy.TouchIDDemoUITests;
				PRODUCT_NAME = "$(TARGET_NAME)";
				TEST_TARGET_NAME = TouchIDDemo;
			};
			name = Release;
		};
/* End XCBuildConfiguration section */

/* Begin XCConfigurationList section */
		2B3EE2FA1D741DB300BC230B /* Build configuration list for PBXProject "TouchIDDemo" */ = {
			isa = XCConfigurationList;
			buildConfigurations = (
				2B3EE32A1D741DB300BC230B /* Debug */,
				2B3EE32B1D741DB300BC230B /* Release */,
			);
			defaultConfigurationIsVisible = 0;
			defaultConfigurationName = Release;
		};
		2B3EE32C1D741DB300BC230B /* Build configuration list for PBXNativeTarget "TouchIDDemo" */ = {
			isa = XCConfigurationList;
			buildConfigurations = (
				2B3EE32D1D741DB300BC230B /* Debug */,
				2B3EE32E1D741DB300BC230B /* Release */,
			);
			defaultConfigurationIsVisible = 0;
			defaultConfigurationName = Release;
		};
		2B3EE32F1D741DB300BC230B /* Build configuration list for PBXNativeTarget "TouchIDDemoTests" */ = {
			isa = XCConfigurationList;
			buildConfigurations = (
				2B3EE3301D741DB300BC230B /* Debug */,
				2B3EE3311D741DB300BC230B /* Release */,
			);
			defaultConfigurationIsVisible = 0;
			defaultConfigurationName = Release;
		};
		2B3EE3321D741DB300BC230B /* Build configuration list for PBXNativeTarget "TouchIDDemoUITests" */ = {
			isa = XCConfigurationList;
			buildConfigurations = (
				2B3EE3331D741DB300BC230B /* Debug */,
				2B3EE3341D741DB300BC230B /* Release */,
			);
			defaultConfigurationIsVisible = 0;
			defaultConfigurationName = Release;
		};
/* End XCConfigurationList section */
	};
	rootObject = 2B3EE2F71D741DB300BC230B /* Project object */;
}
